// !$*UTF8*$!
{
	archiveVersion = 1;
	classes = {
	};
	objectVersion = 46;
	objects = {

/* Begin PBXBuildFile section */
		47F99C811665E3E300751380 /* 112-group.png in Resources */ = {isa = PBXBuildFile; fileRef = 47F99C7D1665E3E300751380 /* 112-group.png */; };
		47F99C821665E3E300751380 /* cart-tab.png in Resources */ = {isa = PBXBuildFile; fileRef = 47F99C7E1665E3E300751380 /* cart-tab.png */; };
		47F99C831665E3E300751380 /* icon_more.png in Resources */ = {isa = PBXBuildFile; fileRef = 47F99C7F1665E3E300751380 /* icon_more.png */; };
		47F99C841665E3E300751380 /* report-tab.png in Resources */ = {isa = PBXBuildFile; fileRef = 47F99C801665E3E300751380 /* report-tab.png */; };
		8639EA9116405B5B00305C93 /* UIKit.framework in Frameworks */ = {isa = PBXBuildFile; fileRef = 8639EA9016405B5B00305C93 /* UIKit.framework */; };
		8639EA9316405B5B00305C93 /* Foundation.framework in Frameworks */ = {isa = PBXBuildFile; fileRef = 8639EA9216405B5B00305C93 /* Foundation.framework */; };
		8639EA9516405B5B00305C93 /* CoreGraphics.framework in Frameworks */ = {isa = PBXBuildFile; fileRef = 8639EA9416405B5B00305C93 /* CoreGraphics.framework */; };
		8639EA9B16405B5B00305C93 /* InfoPlist.strings in Resources */ = {isa = PBXBuildFile; fileRef = 8639EA9916405B5B00305C93 /* InfoPlist.strings */; };
		8639EA9D16405B5B00305C93 /* main.m in Sources */ = {isa = PBXBuildFile; fileRef = 8639EA9C16405B5B00305C93 /* main.m */; };
		8639EAA116405B5B00305C93 /* AppDelegate.m in Sources */ = {isa = PBXBuildFile; fileRef = 8639EAA016405B5B00305C93 /* AppDelegate.m */; };
		8639EAA316405B5B00305C93 /* Default.png in Resources */ = {isa = PBXBuildFile; fileRef = 8639EAA216405B5B00305C93 /* Default.png */; };
		8639EAA516405B5B00305C93 /* Default@2x.png in Resources */ = {isa = PBXBuildFile; fileRef = 8639EAA416405B5B00305C93 /* Default@2x.png */; };
		8639EAA716405B5B00305C93 /* Default-568h@2x.png in Resources */ = {isa = PBXBuildFile; fileRef = 8639EAA616405B5B00305C93 /* Default-568h@2x.png */; };
		8639EAAA16405B5B00305C93 /* ViewController.m in Sources */ = {isa = PBXBuildFile; fileRef = 8639EAA916405B5B00305C93 /* ViewController.m */; };
		8639EAAD16405B5B00305C93 /* ViewController.xib in Resources */ = {isa = PBXBuildFile; fileRef = 8639EAAB16405B5B00305C93 /* ViewController.xib */; };
		8639EAB616405BF400305C93 /* TabBarViewController.m in Sources */ = {isa = PBXBuildFile; fileRef = 8639EAB416405BF400305C93 /* TabBarViewController.m */; };
		8639EAB716405BF400305C93 /* TabBarViewController.xib in Resources */ = {isa = PBXBuildFile; fileRef = 8639EAB516405BF400305C93 /* TabBarViewController.xib */; };
/* End PBXBuildFile section */

/* Begin PBXFileReference section */
		47F99C7D1665E3E300751380 /* 112-group.png */ = {isa = PBXFileReference; lastKnownFileType = image.png; path = "112-group.png"; sourceTree = "<group>"; };
		47F99C7E1665E3E300751380 /* cart-tab.png */ = {isa = PBXFileReference; lastKnownFileType = image.png; path = "cart-tab.png"; sourceTree = "<group>"; };
		47F99C7F1665E3E300751380 /* icon_more.png */ = {isa = PBXFileReference; lastKnownFileType = image.png; path = icon_more.png; sourceTree = "<group>"; };
		47F99C801665E3E300751380 /* report-tab.png */ = {isa = PBXFileReference; lastKnownFileType = image.png; path = "report-tab.png"; sourceTree = "<group>"; };
		8639EA8C16405B5B00305C93 /* TabBarApp.app */ = {isa = PBXFileReference; explicitFileType = wrapper.application; includeInIndex = 0; path = TabBarApp.app; sourceTree = BUILT_PRODUCTS_DIR; };
		8639EA9016405B5B00305C93 /* UIKit.framework */ = {isa = PBXFileReference; lastKnownFileType = wrapper.framework; name = UIKit.framework; path = System/Library/Frameworks/UIKit.framework; sourceTree = SDKROOT; };
		8639EA9216405B5B00305C93 /* Foundation.framework */ = {isa = PBXFileReference; lastKnownFileType = wrapper.framework; name = Foundation.framework; path = System/Library/Frameworks/Foundation.framework; sourceTree = SDKROOT; };
		8639EA9416405B5B00305C93 /* CoreGraphics.framework */ = {isa = PBXFileReference; lastKnownFileType = wrapper.framework; name = CoreGraphics.framework; path = System/Library/Frameworks/CoreGraphics.framework; sourceTree = SDKROOT; };
		8639EA9816405B5B00305C93 /* TabBarApp-Info.plist */ = {isa = PBXFileReference; lastKnownFileType = text.plist.xml; path = "TabBarApp-Info.plist"; sourceTree = "<group>"; };
		8639EA9A16405B5B00305C93 /* en */ = {isa = PBXFileReference; lastKnownFileType = text.plist.strings; name = en; path = en.lproj/InfoPlist.strings; sourceTree = "<group>"; };
		8639EA9C16405B5B00305C93 /* main.m */ = {isa = PBXFileReference; lastKnownFileType = sourcecode.c.objc; path = main.m; sourceTree = "<group>"; };
		8639EA9E16405B5B00305C93 /* TabBarApp-Prefix.pch */ = {isa = PBXFileReference; lastKnownFileType = sourcecode.c.h; path = "TabBarApp-Prefix.pch"; sourceTree = "<group>"; };
		8639EA9F16405B5B00305C93 /* AppDelegate.h */ = {isa = PBXFileReference; lastKnownFileType = sourcecode.c.h; path = AppDelegate.h; sourceTree = "<group>"; };
		8639EAA016405B5B00305C93 /* AppDelegate.m */ = {isa = PBXFileReference; lastKnownFileType = sourcecode.c.objc; path = AppDelegate.m; sourceTree = "<group>"; };
		8639EAA216405B5B00305C93 /* Default.png */ = {isa = PBXFileReference; lastKnownFileType = image.png; path = Default.png; sourceTree = "<group>"; };
		8639EAA416405B5B00305C93 /* Default@2x.png */ = {isa = PBXFileReference; lastKnownFileType = image.png; path = "Default@2x.png"; sourceTree = "<group>"; };
		8639EAA616405B5B00305C93 /* Default-568h@2x.png */ = {isa = PBXFileReference; lastKnownFileType = image.png; path = "Default-568h@2x.png"; sourceTree = "<group>"; };
		8639EAA816405B5B00305C93 /* ViewController.h */ = {isa = PBXFileReference; lastKnownFileType = sourcecode.c.h; path = ViewController.h; sourceTree = "<group>"; };
		8639EAA916405B5B00305C93 /* ViewController.m */ = {isa = PBXFileReference; lastKnownFileType = sourcecode.c.objc; path = ViewController.m; sourceTree = "<group>"; };
		8639EAAC16405B5B00305C93 /* en */ = {isa = PBXFileReference; lastKnownFileType = file.xib; name = en; path = en.lproj/ViewController.xib; sourceTree = "<group>"; };
		8639EAB316405BF400305C93 /* TabBarViewController.h */ = {isa = PBXFileReference; fileEncoding = 4; lastKnownFileType = sourcecode.c.h; path = TabBarViewController.h; sourceTree = "<group>"; };
		8639EAB416405BF400305C93 /* TabBarViewController.m */ = {isa = PBXFileReference; fileEncoding = 4; lastKnownFileType = sourcecode.c.objc; path = TabBarViewController.m; sourceTree = "<group>"; };
		8639EAB516405BF400305C93 /* TabBarViewController.xib */ = {isa = PBXFileReference; fileEncoding = 4; lastKnownFileType = file.xib; path = TabBarViewController.xib; sourceTree = "<group>"; };
/* End PBXFileReference section */

/* Begin PBXFrameworksBuildPhase section */
		8639EA8916405B5B00305C93 /* Frameworks */ = {
			isa = PBXFrameworksBuildPhase;
			buildActionMask = 2147483647;
			files = (
				8639EA9116405B5B00305C93 /* UIKit.framework in Frameworks */,
				8639EA9316405B5B00305C93 /* Foundation.framework in Frameworks */,
				8639EA9516405B5B00305C93 /* CoreGraphics.framework in Frameworks */,
			);
			runOnlyForDeploymentPostprocessing = 0;
		};
/* End PBXFrameworksBuildPhase section */

/* Begin PBXGroup section */
		8639EA8116405B5B00305C93 = {
			isa = PBXGroup;
			children = (
				8639EA9616405B5B00305C93 /* TabBarApp */,
				8639EA8F16405B5B00305C93 /* Frameworks */,
				8639EA8D16405B5B00305C93 /* Products */,
			);
			sourceTree = "<group>";
		};
		8639EA8D16405B5B00305C93 /* Products */ = {
			isa = PBXGroup;
			children = (
				8639EA8C16405B5B00305C93 /* TabBarApp.app */,
			);
			name = Products;
			sourceTree = "<group>";
		};
		8639EA8F16405B5B00305C93 /* Frameworks */ = {
			isa = PBXGroup;
			children = (
				8639EA9016405B5B00305C93 /* UIKit.framework */,
				8639EA9216405B5B00305C93 /* Foundation.framework */,
				8639EA9416405B5B00305C93 /* CoreGraphics.framework */,
			);
			name = Frameworks;
			sourceTree = "<group>";
		};
		8639EA9616405B5B00305C93 /* TabBarApp */ = {
			isa = PBXGroup;
			children = (
				8639EA9F16405B5B00305C93 /* AppDelegate.h */,
				8639EAA016405B5B00305C93 /* AppDelegate.m */,
				8639EAA816405B5B00305C93 /* ViewController.h */,
				8639EAA916405B5B00305C93 /* ViewController.m */,
				8639EAAB16405B5B00305C93 /* ViewController.xib */,
				8639EA9716405B5B00305C93 /* Supporting Files */,
				8639EAB316405BF400305C93 /* TabBarViewController.h */,
				8639EAB416405BF400305C93 /* TabBarViewController.m */,
				8639EAB516405BF400305C93 /* TabBarViewController.xib */,
			);
			path = TabBarApp;
			sourceTree = "<group>";
		};
		8639EA9716405B5B00305C93 /* Supporting Files */ = {
			isa = PBXGroup;
			children = (
				47F99C7D1665E3E300751380 /* 112-group.png */,
				47F99C7E1665E3E300751380 /* cart-tab.png */,
				47F99C7F1665E3E300751380 /* icon_more.png */,
				47F99C801665E3E300751380 /* report-tab.png */,
				8639EA9816405B5B00305C93 /* TabBarApp-Info.plist */,
				8639EA9916405B5B00305C93 /* InfoPlist.strings */,
				8639EA9C16405B5B00305C93 /* main.m */,
				8639EA9E16405B5B00305C93 /* TabBarApp-Prefix.pch */,
				8639EAA216405B5B00305C93 /* Default.png */,
				8639EAA416405B5B00305C93 /* Default@2x.png */,
				8639EAA616405B5B00305C93 /* Default-568h@2x.png */,
			);
			name = "Supporting Files";
			sourceTree = "<group>";
		};
/* End PBXGroup section */

/* Begin PBXNativeTarget section */
		8639EA8B16405B5B00305C93 /* TabBarApp */ = {
			isa = PBXNativeTarget;
			buildConfigurationList = 8639EAB016405B5B00305C93 /* Build configuration list for PBXNativeTarget "TabBarApp" */;
			buildPhases = (
				8639EA8816405B5B00305C93 /* Sources */,
				8639EA8916405B5B00305C93 /* Frameworks */,
				8639EA8A16405B5B00305C93 /* Resources */,
			);
			buildRules = (
			);
			dependencies = (
			);
			name = TabBarApp;
			productName = TabBarApp;
			productReference = 8639EA8C16405B5B00305C93 /* TabBarApp.app */;
			productType = "com.apple.product-type.application";
		};
/* End PBXNativeTarget section */

/* Begin PBXProject section */
		8639EA8316405B5B00305C93 /* Project object */ = {
			isa = PBXProject;
			attributes = {
				LastUpgradeCheck = 0450;
				ORGANIZATIONNAME = "Mritunjay Kumar";
			};
			buildConfigurationList = 8639EA8616405B5B00305C93 /* Build configuration list for PBXProject "TabBarApp" */;
			compatibilityVersion = "Xcode 3.2";
			developmentRegion = English;
			hasScannedForEncodings = 0;
			knownRegions = (
				en,
			);
			mainGroup = 8639EA8116405B5B00305C93;
			productRefGroup = 8639EA8D16405B5B00305C93 /* Products */;
			projectDirPath = "";
			projectRoot = "";
			targets = (
				8639EA8B16405B5B00305C93 /* TabBarApp */,
			);
		};
/* End PBXProject section */

/* Begin PBXResourcesBuildPhase section */
		8639EA8A16405B5B00305C93 /* Resources */ = {
			isa = PBXResourcesBuildPhase;
			buildActionMask = 2147483647;
			files = (
				8639EA9B16405B5B00305C93 /* InfoPlist.strings in Resources */,
				8639EAA316405B5B00305C93 /* Default.png in Resources */,
				8639EAA516405B5B00305C93 /* Default@2x.png in Resources */,
				8639EAA716405B5B00305C93 /* Default-568h@2x.png in Resources */,
				8639EAAD16405B5B00305C93 /* ViewController.xib in Resources */,
				8639EAB716405BF400305C93 /* TabBarViewController.xib in Resources */,
				47F99C811665E3E300751380 /* 112-group.png in Resources */,
				47F99C821665E3E300751380 /* cart-tab.png in Resources */,
				47F99C831665E3E300751380 /* icon_more.png in Resources */,
				47F99C841665E3E300751380 /* report-tab.png in Resources */,
			);
			runOnlyForDeploymentPostprocessing = 0;
		};
/* End PBXResourcesBuildPhase section */

/* Begin PBXSourcesBuildPhase section */
		8639EA8816405B5B00305C93 /* Sources */ = {
			isa = PBXSourcesBuildPhase;
			buildActionMask = 2147483647;
			files = (
				8639EA9D16405B5B00305C93 /* main.m in Sources */,
				8639EAA116405B5B00305C93 /* AppDelegate.m in Sources */,
				8639EAAA16405B5B00305C93 /* ViewController.m in Sources */,
				8639EAB616405BF400305C93 /* TabBarViewController.m in Sources */,
			);
			runOnlyForDeploymentPostprocessing = 0;
		};
/* End PBXSourcesBuildPhase section */

/* Begin PBXVariantGroup section */
		8639EA9916405B5B00305C93 /* InfoPlist.strings */ = {
			isa = PBXVariantGroup;
			children = (
				8639EA9A16405B5B00305C93 /* en */,
			);
			name = InfoPlist.strings;
			sourceTree = "<group>";
		};
		8639EAAB16405B5B00305C93 /* ViewController.xib */ = {
			isa = PBXVariantGroup;
			children = (
				8639EAAC16405B5B00305C93 /* en */,
			);
			name = ViewController.xib;
			sourceTree = "<group>";
		};
/* End PBXVariantGroup section */

/* Begin XCBuildConfiguration section */
		8639EAAE16405B5B00305C93 /* Debug */ = {
			isa = XCBuildConfiguration;
			buildSettings = {
				ALWAYS_SEARCH_USER_PATHS = NO;
				CLANG_CXX_LANGUAGE_STANDARD = "gnu++0x";
				CLANG_CXX_LIBRARY = "libc++";
				CLANG_ENABLE_OBJC_ARC = YES;
				CLANG_WARN_EMPTY_BODY = YES;
				CLANG_WARN__DUPLICATE_METHOD_MATCH = YES;
				"CODE_SIGN_IDENTITY[sdk=iphoneos*]" = "iPhone Developer";
				COPY_PHASE_STRIP = NO;
				GCC_C_LANGUAGE_STANDARD = gnu99;
				GCC_DYNAMIC_NO_PIC = NO;
				GCC_OPTIMIZATION_LEVEL = 0;
				GCC_PREPROCESSOR_DEFINITIONS = (
					"DEBUG=1",
					"$(inherited)",
				);
				GCC_SYMBOLS_PRIVATE_EXTERN = NO;
				GCC_WARN_ABOUT_RETURN_TYPE = YES;
				GCC_WARN_UNINITIALIZED_AUTOS = YES;
				GCC_WARN_UNUSED_VARIABLE = YES;
				IPHONEOS_DEPLOYMENT_TARGET = 6.0;
				ONLY_ACTIVE_ARCH = YES;
				SDKROOT = iphoneos;
			};
			name = Debug;
		};
		8639EAAF16405B5B00305C93 /* Release */ = {
			isa = XCBuildConfiguration;
			buildSettings = {
				ALWAYS_SEARCH_USER_PATHS = NO;
				CLANG_CXX_LANGUAGE_STANDARD = "gnu++0x";
				CLANG_CXX_LIBRARY = "libc++";
				CLANG_ENABLE_OBJC_ARC = YES;
				CLANG_WARN_EMPTY_BODY = YES;
				CLANG_WARN__DUPLICATE_METHOD_MATCH = YES;
				"CODE_SIGN_IDENTITY[sdk=iphoneos*]" = "iPhone Developer";
				COPY_PHASE_STRIP = YES;
				GCC_C_LANGUAGE_STANDARD = gnu99;
				GCC_WARN_ABOUT_RETURN_TYPE = YES;
				GCC_WARN_UNINITIALIZED_AUTOS = YES;
				GCC_WARN_UNUSED_VARIABLE = YES;
				IPHONEOS_DEPLOYMENT_TARGET = 6.0;
				OTHER_CFLAGS = "-DNS_BLOCK_ASSERTIONS=1";
				SDKROOT = iphoneos;
				VALIDATE_PRODUCT = YES;
			};
			name = Release;
		};
		8639EAB116405B5B00305C93 /* Debug */ = {
			isa = XCBuildConfiguration;
			buildSettings = {
				GCC_PRECOMPILE_PREFIX_HEADER = YES;
				GCC_PREFIX_HEADER = "TabBarApp/TabBarApp-Prefix.pch";
				INFOPLIST_FILE = "TabBarApp/TabBarApp-Info.plist";
				IPHONEOS_DEPLOYMENT_TARGET = 4.3;
				PRODUCT_NAME = "$(TARGET_NAME)";
				WRAPPER_EXTENSION = app;
			};
			name = Debug;
		};
		8639EAB216405B5B00305C93 /* Release */ = {
			isa = XCBuildConfiguration;
			buildSettings = {
				GCC_PRECOMPILE_PREFIX_HEADER = YES;
				GCC_PREFIX_HEADER = "TabBarApp/TabBarApp-Prefix.pch";
				INFOPLIST_FILE = "TabBarApp/TabBarApp-Info.plist";
				IPHONEOS_DEPLOYMENT_TARGET = 4.3;
				PRODUCT_NAME = "$(TARGET_NAME)";
				WRAPPER_EXTENSION = app;
			};
			name = Release;
		};
/* End XCBuildConfiguration section */

/* Begin XCConfigurationList section */
		8639EA8616405B5B00305C93 /* Build configuration list for PBXProject "TabBarApp" */ = {
			isa = XCConfigurationList;
			buildConfigurations = (
				8639EAAE16405B5B00305C93 /* Debug */,
				8639EAAF16405B5B00305C93 /* Release */,
			);
			defaultConfigurationIsVisible = 0;
			defaultConfigurationName = Release;
		};
		8639EAB016405B5B00305C93 /* Build configuration list for PBXNativeTarget "TabBarApp" */ = {
			isa = XCConfigurationList;
			buildConfigurations = (
				8639EAB116405B5B00305C93 /* Debug */,
				8639EAB216405B5B00305C93 /* Release */,
			);
			defaultConfigurationIsVisible = 0;
			defaultConfigurationName = Release;
		};
/* End XCConfigurationList section */
	};
	rootObject = 8639EA8316405B5B00305C93 /* Project object */;
}
